// !$*UTF8*$!
{
	archiveVersion = 1;
	classes = {
	};
	objectVersion = 55;
	objects = {

/* Begin PBXBuildFile section */
		7559E6AE2BA1507F0047EED5 /* Models.swift in Sources */ = {isa = PBXBuildFile; fileRef = 7559E6AD2BA1507F0047EED5 /* Models.swift */; };
		7559E6B02BA157C80047EED5 /* GenreModel.swift in Sources */ = {isa = PBXBuildFile; fileRef = 7559E6AF2BA157C80047EED5 /* GenreModel.swift */; };
		7559E6B22BA162C80047EED5 /* FimFeedView.swift in Sources */ = {isa = PBXBuildFile; fileRef = 7559E6B12BA162C80047EED5 /* FimFeedView.swift */; };
		7559E6B42BA16CC40047EED5 /* FilmView.swift in Sources */ = {isa = PBXBuildFile; fileRef = 7559E6B32BA16CC40047EED5 /* FilmView.swift */; };
		755E38572BA1DF0E00FC17DF /* GenreCard.swift in Sources */ = {isa = PBXBuildFile; fileRef = 755E38562BA1DF0E00FC17DF /* GenreCard.swift */; };
		7DE4780827B9C669002D0ABE /* Culture_CriticApp.swift in Sources */ = {isa = PBXBuildFile; fileRef = 7DE4780727B9C669002D0ABE /* Culture_CriticApp.swift */; };
		7DE4780A27B9C669002D0ABE /* GenreListView.swift in Sources */ = {isa = PBXBuildFile; fileRef = 7DE4780927B9C669002D0ABE /* GenreListView.swift */; };
		7DE4780C27B9C66A002D0ABE /* Assets.xcassets in Resources */ = {isa = PBXBuildFile; fileRef = 7DE4780B27B9C66A002D0ABE /* Assets.xcassets */; };
		7DE4780F27B9C66A002D0ABE /* Preview Assets.xcassets in Resources */ = {isa = PBXBuildFile; fileRef = 7DE4780E27B9C66A002D0ABE /* Preview Assets.xcassets */; };
		7DE4781827B9C6E0002D0ABE /* films.json in Resources */ = {isa = PBXBuildFile; fileRef = 7DE4781727B9C6E0002D0ABE /* films.json */; };
/* End PBXBuildFile section */

/* Begin PBXFileReference section */
		7559E6AD2BA1507F0047EED5 /* Models.swift */ = {isa = PBXFileReference; lastKnownFileType = sourcecode.swift; path = Models.swift; sourceTree = "<group>"; };
		7559E6AF2BA157C80047EED5 /* GenreModel.swift */ = {isa = PBXFileReference; lastKnownFileType = sourcecode.swift; path = GenreModel.swift; sourceTree = "<group>"; };
		7559E6B12BA162C80047EED5 /* FimFeedView.swift */ = {isa = PBXFileReference; lastKnownFileType = sourcecode.swift; path = FimFeedView.swift; sourceTree = "<group>"; };
		7559E6B32BA16CC40047EED5 /* FilmView.swift */ = {isa = PBXFileReference; lastKnownFileType = sourcecode.swift; path = FilmView.swift; sourceTree = "<group>"; };
		755E38562BA1DF0E00FC17DF /* GenreCard.swift */ = {isa = PBXFileReference; lastKnownFileType = sourcecode.swift; path = GenreCard.swift; sourceTree = "<group>"; };
		755E38582BA1F98200FC17DF /* Culture-Critic-Info.plist */ = {isa = PBXFileReference; lastKnownFileType = text.plist; path = "Culture-Critic-Info.plist"; sourceTree = SOURCE_ROOT; };
		7DE4780427B9C669002D0ABE /* Culture Critic.app */ = {isa = PBXFileReference; explicitFileType = wrapper.application; includeInIndex = 0; path = "Culture Critic.app"; sourceTree = BUILT_PRODUCTS_DIR; };
		7DE4780727B9C669002D0ABE /* Culture_CriticApp.swift */ = {isa = PBXFileReference; lastKnownFileType = sourcecode.swift; path = Culture_CriticApp.swift; sourceTree = "<group>"; };
		7DE4780927B9C669002D0ABE /* GenreListView.swift */ = {isa = PBXFileReference; lastKnownFileType = sourcecode.swift; path = GenreListView.swift; sourceTree = "<group>"; };
		7DE4780B27B9C66A002D0ABE /* Assets.xcassets */ = {isa = PBXFileReference; lastKnownFileType = folder.assetcatalog; path = Assets.xcassets; sourceTree = "<group>"; };
		7DE4780E27B9C66A002D0ABE /* Preview Assets.xcassets */ = {isa = PBXFileReference; lastKnownFileType = folder.assetcatalog; path = "Preview Assets.xcassets"; sourceTree = "<group>"; };
		7DE4781727B9C6E0002D0ABE /* films.json */ = {isa = PBXFileReference; lastKnownFileType = text.json; path = films.json; sourceTree = "<group>"; };
/* End PBXFileReference section */

/* Begin PBXFrameworksBuildPhase section */
		7DE4780127B9C669002D0ABE /* Frameworks */ = {
			isa = PBXFrameworksBuildPhase;
			buildActionMask = 2147483647;
			files = (
			);
			runOnlyForDeploymentPostprocessing = 0;
		};
/* End PBXFrameworksBuildPhase section */

/* Begin PBXGroup section */
		7559E6A92BA150120047EED5 /* Data */ = {
			isa = PBXGroup;
			children = (
				7DE4781727B9C6E0002D0ABE /* films.json */,
			);
			path = Data;
			sourceTree = "<group>";
		};
		7559E6AA2BA150300047EED5 /* Views */ = {
			isa = PBXGroup;
			children = (
				7DE4780927B9C669002D0ABE /* GenreListView.swift */,
				7559E6B12BA162C80047EED5 /* FimFeedView.swift */,
				7559E6B32BA16CC40047EED5 /* FilmView.swift */,
				755E38562BA1DF0E00FC17DF /* GenreCard.swift */,
			);
			path = Views;
			sourceTree = "<group>";
		};
		7559E6AB2BA1503B0047EED5 /* Models */ = {
			isa = PBXGroup;
			children = (
				7559E6AD2BA1507F0047EED5 /* Models.swift */,
			);
			path = Models;
			sourceTree = "<group>";
		};
		7559E6AC2BA150450047EED5 /* ViewModels */ = {
			isa = PBXGroup;
			children = (
				7559E6AF2BA157C80047EED5 /* GenreModel.swift */,
			);
			path = ViewModels;
			sourceTree = "<group>";
		};
		7DE477FB27B9C669002D0ABE = {
			isa = PBXGroup;
			children = (
				7DE4780627B9C669002D0ABE /* Culture Critic */,
				7DE4780527B9C669002D0ABE /* Products */,
			);
			sourceTree = "<group>";
		};
		7DE4780527B9C669002D0ABE /* Products */ = {
			isa = PBXGroup;
			children = (
				7DE4780427B9C669002D0ABE /* Culture Critic.app */,
			);
			name = Products;
			sourceTree = "<group>";
		};
		7DE4780627B9C669002D0ABE /* Culture Critic */ = {
			isa = PBXGroup;
			children = (
				755E38582BA1F98200FC17DF /* Culture-Critic-Info.plist */,
				7559E6AC2BA150450047EED5 /* ViewModels */,
				7559E6AB2BA1503B0047EED5 /* Models */,
				7559E6AA2BA150300047EED5 /* Views */,
				7559E6A92BA150120047EED5 /* Data */,
				7DE4780727B9C669002D0ABE /* Culture_CriticApp.swift */,
				7DE4780B27B9C66A002D0ABE /* Assets.xcassets */,
				7DE4780D27B9C66A002D0ABE /* Preview Content */,
			);
			path = "Culture Critic";
			sourceTree = "<group>";
		};
		7DE4780D27B9C66A002D0ABE /* Preview Content */ = {
			isa = PBXGroup;
			children = (
				7DE4780E27B9C66A002D0ABE /* Preview Assets.xcassets */,
			);
			path = "Preview Content";
			sourceTree = "<group>";
		};
/* End PBXGroup section */

/* Begin PBXNativeTarget section */
		7DE4780327B9C669002D0ABE /* Culture Critic */ = {
			isa = PBXNativeTarget;
			buildConfigurationList = 7DE4781227B9C66A002D0ABE /* Build configuration list for PBXNativeTarget "Culture Critic" */;
			buildPhases = (
				7DE4780027B9C669002D0ABE /* Sources */,
				7DE4780127B9C669002D0ABE /* Frameworks */,
				7DE4780227B9C669002D0ABE /* Resources */,
			);
			buildRules = (
			);
			dependencies = (
			);
			name = "Culture Critic";
			productName = "Culture Critic";
			productReference = 7DE4780427B9C669002D0ABE /* Culture Critic.app */;
			productType = "com.apple.product-type.application";
		};
/* End PBXNativeTarget section */

/* Begin PBXProject section */
		7DE477FC27B9C669002D0ABE /* Project object */ = {
			isa = PBXProject;
			attributes = {
				BuildIndependentTargetsInParallel = 1;
				LastSwiftUpdateCheck = 1320;
				LastUpgradeCheck = 1320;
				TargetAttributes = {
					7DE4780327B9C669002D0ABE = {
						CreatedOnToolsVersion = 13.2.1;
					};
				};
			};
			buildConfigurationList = 7DE477FF27B9C669002D0ABE /* Build configuration list for PBXProject "Culture Critic" */;
			compatibilityVersion = "Xcode 13.0";
			developmentRegion = en;
			hasScannedForEncodings = 0;
			knownRegions = (
				en,
				Base,
			);
			mainGroup = 7DE477FB27B9C669002D0ABE;
			productRefGroup = 7DE4780527B9C669002D0ABE /* Products */;
			projectDirPath = "";
			projectRoot = "";
			targets = (
				7DE4780327B9C669002D0ABE /* Culture Critic */,
			);
		};
/* End PBXProject section */

/* Begin PBXResourcesBuildPhase section */
		7DE4780227B9C669002D0ABE /* Resources */ = {
			isa = PBXResourcesBuildPhase;
			buildActionMask = 2147483647;
			files = (
				7DE4780F27B9C66A002D0ABE /* Preview Assets.xcassets in Resources */,
				7DE4780C27B9C66A002D0ABE /* Assets.xcassets in Resources */,
				7DE4781827B9C6E0002D0ABE /* films.json in Resources */,
			);
			runOnlyForDeploymentPostprocessing = 0;
		};
/* End PBXResourcesBuildPhase section */

/* Begin PBXSourcesBuildPhase section */
		7DE4780027B9C669002D0ABE /* Sources */ = {
			isa = PBXSourcesBuildPhase;
			buildActionMask = 2147483647;
			files = (
				7559E6AE2BA1507F0047EED5 /* Models.swift in Sources */,
				7559E6B02BA157C80047EED5 /* GenreModel.swift in Sources */,
				7559E6B42BA16CC40047EED5 /* FilmView.swift in Sources */,
				755E38572BA1DF0E00FC17DF /* GenreCard.swift in Sources */,
				7DE4780A27B9C669002D0ABE /* GenreListView.swift in Sources */,
				7559E6B22BA162C80047EED5 /* FimFeedView.swift in Sources */,
				7DE4780827B9C669002D0ABE /* Culture_CriticApp.swift in Sources */,
			);
			runOnlyForDeploymentPostprocessing = 0;
		};
/* End PBXSourcesBuildPhase section */

/* Begin XCBuildConfiguration section */
		7DE4781027B9C66A002D0ABE /* Debug */ = {
			isa = XCBuildConfiguration;
			buildSettings = {
				ALWAYS_SEARCH_USER_PATHS = NO;
				CLANG_ANALYZER_NONNULL = YES;
				CLANG_ANALYZER_NUMBER_OBJECT_CONVERSION = YES_AGGRESSIVE;
				CLANG_CXX_LANGUAGE_STANDARD = "gnu++17";
				CLANG_CXX_LIBRARY = "libc++";
				CLANG_ENABLE_MODULES = YES;
				CLANG_ENABLE_OBJC_ARC = YES;
				CLANG_ENABLE_OBJC_WEAK = YES;
				CLANG_WARN_BLOCK_CAPTURE_AUTORELEASING = YES;
				CLANG_WARN_BOOL_CONVERSION = YES;
				CLANG_WARN_COMMA = YES;
				CLANG_WARN_CONSTANT_CONVERSION = YES;
				CLANG_WARN_DEPRECATED_OBJC_IMPLEMENTATIONS = YES;
				CLANG_WARN_DIRECT_OBJC_ISA_USAGE = YES_ERROR;
				CLANG_WARN_DOCUMENTATION_COMMENTS = YES;
				CLANG_WARN_EMPTY_BODY = YES;
				CLANG_WARN_ENUM_CONVERSION = YES;
				CLANG_WARN_INFINITE_RECURSION = YES;
				CLANG_WARN_INT_CONVERSION = YES;
				CLANG_WARN_NON_LITERAL_NULL_CONVERSION = YES;
				CLANG_WARN_OBJC_IMPLICIT_RETAIN_SELF = YES;
				CLANG_WARN_OBJC_LITERAL_CONVERSION = YES;
				CLANG_WARN_OBJC_ROOT_CLASS = YES_ERROR;
				CLANG_WARN_QUOTED_INCLUDE_IN_FRAMEWORK_HEADER = YES;
				CLANG_WARN_RANGE_LOOP_ANALYSIS = YES;
				CLANG_WARN_STRICT_PROTOTYPES = YES;
				CLANG_WARN_SUSPICIOUS_MOVE = YES;
				CLANG_WARN_UNGUARDED_AVAILABILITY = YES_AGGRESSIVE;
				CLANG_WARN_UNREACHABLE_CODE = YES;
				CLANG_WARN__DUPLICATE_METHOD_MATCH = YES;
				COPY_PHASE_STRIP = NO;
				DEBUG_INFORMATION_FORMAT = dwarf;
				ENABLE_STRICT_OBJC_MSGSEND = YES;
				ENABLE_TESTABILITY = YES;
				GCC_C_LANGUAGE_STANDARD = gnu11;
				GCC_DYNAMIC_NO_PIC = NO;
				GCC_NO_COMMON_BLOCKS = YES;
				GCC_OPTIMIZATION_LEVEL = 0;
				GCC_PREPROCESSOR_DEFINITIONS = (
					"DEBUG=1",
					"$(inherited)",
				);
				GCC_WARN_64_TO_32_BIT_CONVERSION = YES;
				GCC_WARN_ABOUT_RETURN_TYPE = YES_ERROR;
				GCC_WARN_UNDECLARED_SELECTOR = YES;
				GCC_WARN_UNINITIALIZED_AUTOS = YES_AGGRESSIVE;
				GCC_WARN_UNUSED_FUNCTION = YES;
				GCC_WARN_UNUSED_VARIABLE = YES;
				IPHONEOS_DEPLOYMENT_TARGET = 15.2;
				MTL_ENABLE_DEBUG_INFO = INCLUDE_SOURCE;
				MTL_FAST_MATH = YES;
				ONLY_ACTIVE_ARCH = YES;
				SDKROOT = iphoneos;
				SWIFT_ACTIVE_COMPILATION_CONDITIONS = DEBUG;
				SWIFT_OPTIMIZATION_LEVEL = "-Onone";
			};
			name = Debug;
		};
		7DE4781127B9C66A002D0ABE /* Release */ = {
			isa = XCBuildConfiguration;
			buildSettings = {
				ALWAYS_SEARCH_USER_PATHS = NO;
				CLANG_ANALYZER_NONNULL = YES;
				CLANG_ANALYZER_NUMBER_OBJECT_CONVERSION = YES_AGGRESSIVE;
				CLANG_CXX_LANGUAGE_STANDARD = "gnu++17";
				CLANG_CXX_LIBRARY = "libc++";
				CLANG_ENABLE_MODULES = YES;
				CLANG_ENABLE_OBJC_ARC = YES;
				CLANG_ENABLE_OBJC_WEAK = YES;
				CLANG_WARN_BLOCK_CAPTURE_AUTORELEASING = YES;
				CLANG_WARN_BOOL_CONVERSION = YES;
				CLANG_WARN_COMMA = YES;
				CLANG_WARN_CONSTANT_CONVERSION = YES;
				CLANG_WARN_DEPRECATED_OBJC_IMPLEMENTATIONS = YES;
				CLANG_WARN_DIRECT_OBJC_ISA_USAGE = YES_ERROR;
				CLANG_WARN_DOCUMENTATION_COMMENTS = YES;
				CLANG_WARN_EMPTY_BODY = YES;
				CLANG_WARN_ENUM_CONVERSION = YES;
				CLANG_WARN_INFINITE_RECURSION = YES;
				CLANG_WARN_INT_CONVERSION = YES;
				CLANG_WARN_NON_LITERAL_NULL_CONVERSION = YES;
				CLANG_WARN_OBJC_IMPLICIT_RETAIN_SELF = YES;
				CLANG_WARN_OBJC_LITERAL_CONVERSION = YES;
				CLANG_WARN_OBJC_ROOT_CLASS = YES_ERROR;
				CLANG_WARN_QUOTED_INCLUDE_IN_FRAMEWORK_HEADER = YES;
				CLANG_WARN_RANGE_LOOP_ANALYSIS = YES;
				CLANG_WARN_STRICT_PROTOTYPES = YES;
				CLANG_WARN_SUSPICIOUS_MOVE = YES;
				CLANG_WARN_UNGUARDED_AVAILABILITY = YES_AGGRESSIVE;
				CLANG_WARN_UNREACHABLE_CODE = YES;
				CLANG_WARN__DUPLICATE_METHOD_MATCH = YES;
				COPY_PHASE_STRIP = NO;
				DEBUG_INFORMATION_FORMAT = "dwarf-with-dsym";
				ENABLE_NS_ASSERTIONS = NO;
				ENABLE_STRICT_OBJC_MSGSEND = YES;
				GCC_C_LANGUAGE_STANDARD = gnu11;
				GCC_NO_COMMON_BLOCKS = YES;
				GCC_WARN_64_TO_32_BIT_CONVERSION = YES;
				GCC_WARN_ABOUT_RETURN_TYPE = YES_ERROR;
				GCC_WARN_UNDECLARED_SELECTOR = YES;
				GCC_WARN_UNINITIALIZED_AUTOS = YES_AGGRESSIVE;
				GCC_WARN_UNUSED_FUNCTION = YES;
				GCC_WARN_UNUSED_VARIABLE = YES;
				IPHONEOS_DEPLOYMENT_TARGET = 15.2;
				MTL_ENABLE_DEBUG_INFO = NO;
				MTL_FAST_MATH = YES;
				SDKROOT = iphoneos;
				SWIFT_COMPILATION_MODE = wholemodule;
				SWIFT_OPTIMIZATION_LEVEL = "-O";
				VALIDATE_PRODUCT = YES;
			};
			name = Release;
		};
		7DE4781327B9C66A002D0ABE /* Debug */ = {
			isa = XCBuildConfiguration;
			buildSettings = {
				ASSETCATALOG_COMPILER_APPICON_NAME = AppIcon;
				ASSETCATALOG_COMPILER_GLOBAL_ACCENT_COLOR_NAME = AccentColor;
				CODE_SIGN_STYLE = Automatic;
				CURRENT_PROJECT_VERSION = 1;
				DEVELOPMENT_ASSET_PATHS = "\"Culture Critic/Preview Content\"";
				ENABLE_PREVIEWS = YES;
				GENERATE_INFOPLIST_FILE = YES;
				INFOPLIST_FILE = "Culture-Critic-Info.plist";
				INFOPLIST_KEY_UIApplicationSceneManifest_Generation = YES;
				INFOPLIST_KEY_UIApplicationSupportsIndirectInputEvents = YES;
				INFOPLIST_KEY_UISupportedInterfaceOrientations_iPad = "UIInterfaceOrientationPortrait UIInterfaceOrientationPortraitUpsideDown UIInterfaceOrientationLandscapeLeft UIInterfaceOrientationLandscapeRight";
				INFOPLIST_KEY_UISupportedInterfaceOrientations_iPhone = "UIInterfaceOrientationPortrait UIInterfaceOrientationLandscapeLeft UIInterfaceOrientationLandscapeRight";
				LD_RUNPATH_SEARCH_PATHS = (
					"$(inherited)",
					"@executable_path/Frameworks",
				);
				MARKETING_VERSION = 1.0;
				PRODUCT_BUNDLE_IDENTIFIER = "training.franklin.Culture-Critic";
				PRODUCT_NAME = "$(TARGET_NAME)";
				SWIFT_EMIT_LOC_STRINGS = YES;
				SWIFT_VERSION = 5.0;
				TARGETED_DEVICE_FAMILY = "1,2";
			};
			name = Debug;
		};
		7DE4781427B9C66A002D0ABE /* Release */ = {
			isa = XCBuildConfiguration;
			buildSettings = {
				ASSETCATALOG_COMPILER_APPICON_NAME = AppIcon;
				ASSETCATALOG_COMPILER_GLOBAL_ACCENT_COLOR_NAME = AccentColor;
				CODE_SIGN_STYLE = Automatic;
				CURRENT_PROJECT_VERSION = 1;
				DEVELOPMENT_ASSET_PATHS = "\"Culture Critic/Preview Content\"";
				ENABLE_PREVIEWS = YES;
				GENERATE_INFOPLIST_FILE = YES;
				INFOPLIST_FILE = "Culture-Critic-Info.plist";
				INFOPLIST_KEY_UIApplicationSceneManifest_Generation = YES;
				INFOPLIST_KEY_UIApplicationSupportsIndirectInputEvents = YES;
				INFOPLIST_KEY_UISupportedInterfaceOrientations_iPad = "UIInterfaceOrientationPortrait UIInterfaceOrientationPortraitUpsideDown UIInterfaceOrientationLandscapeLeft UIInterfaceOrientationLandscapeRight";
				INFOPLIST_KEY_UISupportedInterfaceOrientations_iPhone = "UIInterfaceOrientationPortrait UIInterfaceOrientationLandscapeLeft UIInterfaceOrientationLandscapeRight";
				LD_RUNPATH_SEARCH_PATHS = (
					"$(inherited)",
					"@executable_path/Frameworks",
				);
				MARKETING_VERSION = 1.0;
				PRODUCT_BUNDLE_IDENTIFIER = "training.franklin.Culture-Critic";
				PRODUCT_NAME = "$(TARGET_NAME)";
				SWIFT_EMIT_LOC_STRINGS = YES;
				SWIFT_VERSION = 5.0;
				TARGETED_DEVICE_FAMILY = "1,2";
			};
			name = Release;
		};
/* End XCBuildConfiguration section */

/* Begin XCConfigurationList section */
		7DE477FF27B9C669002D0ABE /* Build configuration list for PBXProject "Culture Critic" */ = {
			isa = XCConfigurationList;
			buildConfigurations = (
				7DE4781027B9C66A002D0ABE /* Debug */,
				7DE4781127B9C66A002D0ABE /* Release */,
			);
			defaultConfigurationIsVisible = 0;
			defaultConfigurationName = Release;
		};
		7DE4781227B9C66A002D0ABE /* Build configuration list for PBXNativeTarget "Culture Critic" */ = {
			isa = XCConfigurationList;
			buildConfigurations = (
				7DE4781327B9C66A002D0ABE /* Debug */,
				7DE4781427B9C66A002D0ABE /* Release */,
			);
			defaultConfigurationIsVisible = 0;
			defaultConfigurationName = Release;
		};
/* End XCConfigurationList section */
	};
	rootObject = 7DE477FC27B9C669002D0ABE /* Project object */;
}
